
Microsoft Visual Studio Solution File, Format Version 12.00
# Visual Studio Version 16
VisualStudioVersion = 16.0.30804.86
MinimumVisualStudioVersion = 10.0.40219.1
Project("{FAE04EC0-301F-11D3-BF4B-00C04F79EFBC}") = "fisrsProject", "fisrsProject\fisrsProject.csproj", "{E5F5A16B-F614-4465-B889-DC9838661A80}"
EndProject
Global
	GlobalSection(SolutionConfigurationPlatforms) = preSolution
		Debug|Any CPU = Debug|Any CPU
		Release|Any CPU = Release|Any CPU
	EndGlobalSection
	GlobalSection(ProjectConfigurationPlatforms) = postSolution
		{E5F5A16B-F614-4465-B889-DC9838661A80}.Debug|Any CPU.ActiveCfg = Debug|Any CPU
		{E5F5A16B-F614-4465-B889-DC9838661A80}.Debug|Any CPU.Build.0 = Debug|Any CPU
		{E5F5A16B-F614-4465-B889-DC9838661A80}.Release|Any CPU.ActiveCfg = Release|Any CPU
		{E5F5A16B-F614-4465-B889-DC9838661A80}.Release|Any CPU.Build.0 = Release|Any CPU
	EndGlobalSection
	GlobalSection(SolutionProperties) = preSolution
		HideSolutionNode = FALSE
	EndGlobalSection
	GlobalSection(ExtensibilityGlobals) = postSolution
		SolutionGuid = {280D087B-2E6B-4297-855C-1AA73C34DB63}
	EndGlobalSection
EndGlobal
