
Microsoft Visual Studio Solution File, Format Version 12.00
# Visual Studio Version 16
VisualStudioVersion = 16.0.30804.86
MinimumVisualStudioVersion = 10.0.40219.1
Project("{FAE04EC0-301F-11D3-BF4B-00C04F79EFBC}") = "myFirstProjectWithGit", "myFirstProjectWithGit\myFirstProjectWithGit.csproj", "{857D8798-44FD-42C3-8B9A-6365DD5FF8CF}"
EndProject
Global
	GlobalSection(SolutionConfigurationPlatforms) = preSolution
		Debug|Any CPU = Debug|Any CPU
		Release|Any CPU = Release|Any CPU
	EndGlobalSection
	GlobalSection(ProjectConfigurationPlatforms) = postSolution
		{857D8798-44FD-42C3-8B9A-6365DD5FF8CF}.Debug|Any CPU.ActiveCfg = Debug|Any CPU
		{857D8798-44FD-42C3-8B9A-6365DD5FF8CF}.Debug|Any CPU.Build.0 = Debug|Any CPU
		{857D8798-44FD-42C3-8B9A-6365DD5FF8CF}.Release|Any CPU.ActiveCfg = Release|Any CPU
		{857D8798-44FD-42C3-8B9A-6365DD5FF8CF}.Release|Any CPU.Build.0 = Release|Any CPU
	EndGlobalSection
	GlobalSection(SolutionProperties) = preSolution
		HideSolutionNode = FALSE
	EndGlobalSection
	GlobalSection(ExtensibilityGlobals) = postSolution
		SolutionGuid = {96F3CDFD-0958-4CE8-A900-1C753DD4DD33}
	EndGlobalSection
EndGlobal
